
Microsoft Visual Studio Solution File, Format Version 12.00
Project("{FAE04EC0-301F-11D3-BF4B-00C04F79EFBC}") = "Diskretika", "Diskretika\Diskretika.csproj", "{AA5DFE93-0E0A-46CD-82E3-3A449EB8496F}"
EndProject
Global
	GlobalSection(SolutionConfigurationPlatforms) = preSolution
		Debug|Any CPU = Debug|Any CPU
		Release|Any CPU = Release|Any CPU
	EndGlobalSection
	GlobalSection(ProjectConfigurationPlatforms) = postSolution
		{AA5DFE93-0E0A-46CD-82E3-3A449EB8496F}.Debug|Any CPU.ActiveCfg = Debug|Any CPU
		{AA5DFE93-0E0A-46CD-82E3-3A449EB8496F}.Debug|Any CPU.Build.0 = Debug|Any CPU
		{AA5DFE93-0E0A-46CD-82E3-3A449EB8496F}.Release|Any CPU.ActiveCfg = Release|Any CPU
		{AA5DFE93-0E0A-46CD-82E3-3A449EB8496F}.Release|Any CPU.Build.0 = Release|Any CPU
	EndGlobalSection
EndGlobal
